// !$*UTF8*$!
{
	archiveVersion = 1;
	classes = {
	};
	objectVersion = 46;
	objects = {

/* Begin PBXBuildFile section */
		21C2EDB61D21625F002C4D11 /* bg_tile.png in Resources */ = {isa = PBXBuildFile; fileRef = 21C2EDA51D21625F002C4D11 /* bg_tile.png */; };
		21C2EDB71D21625F002C4D11 /* bg_tile@2x.png in Resources */ = {isa = PBXBuildFile; fileRef = 21C2EDA61D21625F002C4D11 /* bg_tile@2x.png */; };
		21C2EDB81D21625F002C4D11 /* button_tap_deselected.png in Resources */ = {isa = PBXBuildFile; fileRef = 21C2EDA71D21625F002C4D11 /* button_tap_deselected.png */; };
		21C2EDB91D21625F002C4D11 /* button_tap_deselected@2x.png in Resources */ = {isa = PBXBuildFile; fileRef = 21C2EDA81D21625F002C4D11 /* button_tap_deselected@2x.png */; };
		21C2EDBA1D21625F002C4D11 /* button_tap_selected.png in Resources */ = {isa = PBXBuildFile; fileRef = 21C2EDA91D21625F002C4D11 /* button_tap_selected.png */; };
		21C2EDBB1D21625F002C4D11 /* button_tap_selected@2x.png in Resources */ = {isa = PBXBuildFile; fileRef = 21C2EDAA1D21625F002C4D11 /* button_tap_selected@2x.png */; };
		21C2EDBC1D21625F002C4D11 /* ButtonTap.wav in Resources */ = {isa = PBXBuildFile; fileRef = 21C2EDAB1D21625F002C4D11 /* ButtonTap.wav */; };
		21C2EDBD1D21625F002C4D11 /* checker_bottom.png in Resources */ = {isa = PBXBuildFile; fileRef = 21C2EDAC1D21625F002C4D11 /* checker_bottom.png */; };
		21C2EDBE1D21625F002C4D11 /* checker_bottom@2x.png in Resources */ = {isa = PBXBuildFile; fileRef = 21C2EDAD1D21625F002C4D11 /* checker_bottom@2x.png */; };
		21C2EDBF1D21625F002C4D11 /* checker_top.png in Resources */ = {isa = PBXBuildFile; fileRef = 21C2EDAE1D21625F002C4D11 /* checker_top.png */; };
		21C2EDC01D21625F002C4D11 /* checker_top@2x.png in Resources */ = {isa = PBXBuildFile; fileRef = 21C2EDAF1D21625F002C4D11 /* checker_top@2x.png */; };
		21C2EDC11D21625F002C4D11 /* field_score.png in Resources */ = {isa = PBXBuildFile; fileRef = 21C2EDB01D21625F002C4D11 /* field_score.png */; };
		21C2EDC21D21625F002C4D11 /* field_score@2x.png in Resources */ = {isa = PBXBuildFile; fileRef = 21C2EDB11D21625F002C4D11 /* field_score@2x.png */; };
		21C2EDC31D21625F002C4D11 /* field_time.png in Resources */ = {isa = PBXBuildFile; fileRef = 21C2EDB21D21625F002C4D11 /* field_time.png */; };
		21C2EDC41D21625F002C4D11 /* field_time@2x.png in Resources */ = {isa = PBXBuildFile; fileRef = 21C2EDB31D21625F002C4D11 /* field_time@2x.png */; };
		21C2EDC51D21625F002C4D11 /* HallOfTheMountainKing.mp3 in Resources */ = {isa = PBXBuildFile; fileRef = 21C2EDB41D21625F002C4D11 /* HallOfTheMountainKing.mp3 */; };
		21C2EDC61D21625F002C4D11 /* SecondBeep.wav in Resources */ = {isa = PBXBuildFile; fileRef = 21C2EDB51D21625F002C4D11 /* SecondBeep.wav */; };
		21C2EDC81D216C6A002C4D11 /* CoreGraphics.framework in Frameworks */ = {isa = PBXBuildFile; fileRef = 21C2EDC71D216C6A002C4D11 /* CoreGraphics.framework */; };
		21C2EDCA1D216C71002C4D11 /* Foundation.framework in Frameworks */ = {isa = PBXBuildFile; fileRef = 21C2EDC91D216C71002C4D11 /* Foundation.framework */; };
		21C2EDCC1D216C7C002C4D11 /* UIKit.framework in Frameworks */ = {isa = PBXBuildFile; fileRef = 21C2EDCB1D216C7C002C4D11 /* UIKit.framework */; };
		21C2EDCE1D216CA2002C4D11 /* AVFoundation.framework in Frameworks */ = {isa = PBXBuildFile; fileRef = 21C2EDCD1D216CA2002C4D11 /* AVFoundation.framework */; };
		21F7DF221D204C2100A82A6C /* main.m in Sources */ = {isa = PBXBuildFile; fileRef = 21F7DF211D204C2100A82A6C /* main.m */; };
		21F7DF251D204C2100A82A6C /* AppDelegate.m in Sources */ = {isa = PBXBuildFile; fileRef = 21F7DF241D204C2100A82A6C /* AppDelegate.m */; };
		21F7DF281D204C2100A82A6C /* ViewController.m in Sources */ = {isa = PBXBuildFile; fileRef = 21F7DF271D204C2100A82A6C /* ViewController.m */; };
		21F7DF2B1D204C2100A82A6C /* Main.storyboard in Resources */ = {isa = PBXBuildFile; fileRef = 21F7DF291D204C2100A82A6C /* Main.storyboard */; };
		21F7DF2E1D204C2100A82A6C /* tapme.xcdatamodeld in Sources */ = {isa = PBXBuildFile; fileRef = 21F7DF2C1D204C2100A82A6C /* tapme.xcdatamodeld */; };
		21F7DF301D204C2100A82A6C /* Assets.xcassets in Resources */ = {isa = PBXBuildFile; fileRef = 21F7DF2F1D204C2100A82A6C /* Assets.xcassets */; };
		21F7DF331D204C2100A82A6C /* LaunchScreen.storyboard in Resources */ = {isa = PBXBuildFile; fileRef = 21F7DF311D204C2100A82A6C /* LaunchScreen.storyboard */; };
/* End PBXBuildFile section */

/* Begin PBXFileReference section */
		21C2EDA51D21625F002C4D11 /* bg_tile.png */ = {isa = PBXFileReference; lastKnownFileType = image.png; path = bg_tile.png; sourceTree = "<group>"; };
		21C2EDA61D21625F002C4D11 /* bg_tile@2x.png */ = {isa = PBXFileReference; lastKnownFileType = image.png; path = "bg_tile@2x.png"; sourceTree = "<group>"; };
		21C2EDA71D21625F002C4D11 /* button_tap_deselected.png */ = {isa = PBXFileReference; lastKnownFileType = image.png; path = button_tap_deselected.png; sourceTree = "<group>"; };
		21C2EDA81D21625F002C4D11 /* button_tap_deselected@2x.png */ = {isa = PBXFileReference; lastKnownFileType = image.png; path = "button_tap_deselected@2x.png"; sourceTree = "<group>"; };
		21C2EDA91D21625F002C4D11 /* button_tap_selected.png */ = {isa = PBXFileReference; lastKnownFileType = image.png; path = button_tap_selected.png; sourceTree = "<group>"; };
		21C2EDAA1D21625F002C4D11 /* button_tap_selected@2x.png */ = {isa = PBXFileReference; lastKnownFileType = image.png; path = "button_tap_selected@2x.png"; sourceTree = "<group>"; };
		21C2EDAB1D21625F002C4D11 /* ButtonTap.wav */ = {isa = PBXFileReference; lastKnownFileType = audio.wav; path = ButtonTap.wav; sourceTree = "<group>"; };
		21C2EDAC1D21625F002C4D11 /* checker_bottom.png */ = {isa = PBXFileReference; lastKnownFileType = image.png; path = checker_bottom.png; sourceTree = "<group>"; };
		21C2EDAD1D21625F002C4D11 /* checker_bottom@2x.png */ = {isa = PBXFileReference; lastKnownFileType = image.png; path = "checker_bottom@2x.png"; sourceTree = "<group>"; };
		21C2EDAE1D21625F002C4D11 /* checker_top.png */ = {isa = PBXFileReference; lastKnownFileType = image.png; path = checker_top.png; sourceTree = "<group>"; };
		21C2EDAF1D21625F002C4D11 /* checker_top@2x.png */ = {isa = PBXFileReference; lastKnownFileType = image.png; path = "checker_top@2x.png"; sourceTree = "<group>"; };
		21C2EDB01D21625F002C4D11 /* field_score.png */ = {isa = PBXFileReference; lastKnownFileType = image.png; path = field_score.png; sourceTree = "<group>"; };
		21C2EDB11D21625F002C4D11 /* field_score@2x.png */ = {isa = PBXFileReference; lastKnownFileType = image.png; path = "field_score@2x.png"; sourceTree = "<group>"; };
		21C2EDB21D21625F002C4D11 /* field_time.png */ = {isa = PBXFileReference; lastKnownFileType = image.png; path = field_time.png; sourceTree = "<group>"; };
		21C2EDB31D21625F002C4D11 /* field_time@2x.png */ = {isa = PBXFileReference; lastKnownFileType = image.png; path = "field_time@2x.png"; sourceTree = "<group>"; };
		21C2EDB41D21625F002C4D11 /* HallOfTheMountainKing.mp3 */ = {isa = PBXFileReference; lastKnownFileType = audio.mp3; path = HallOfTheMountainKing.mp3; sourceTree = "<group>"; };
		21C2EDB51D21625F002C4D11 /* SecondBeep.wav */ = {isa = PBXFileReference; lastKnownFileType = audio.wav; path = SecondBeep.wav; sourceTree = "<group>"; };
		21C2EDC71D216C6A002C4D11 /* CoreGraphics.framework */ = {isa = PBXFileReference; lastKnownFileType = wrapper.framework; name = CoreGraphics.framework; path = System/Library/Frameworks/CoreGraphics.framework; sourceTree = SDKROOT; };
		21C2EDC91D216C71002C4D11 /* Foundation.framework */ = {isa = PBXFileReference; lastKnownFileType = wrapper.framework; name = Foundation.framework; path = System/Library/Frameworks/Foundation.framework; sourceTree = SDKROOT; };
		21C2EDCB1D216C7C002C4D11 /* UIKit.framework */ = {isa = PBXFileReference; lastKnownFileType = wrapper.framework; name = UIKit.framework; path = System/Library/Frameworks/UIKit.framework; sourceTree = SDKROOT; };
		21C2EDCD1D216CA2002C4D11 /* AVFoundation.framework */ = {isa = PBXFileReference; lastKnownFileType = wrapper.framework; name = AVFoundation.framework; path = System/Library/Frameworks/AVFoundation.framework; sourceTree = SDKROOT; };
		21F7DF1D1D204C2100A82A6C /* tapme.app */ = {isa = PBXFileReference; explicitFileType = wrapper.application; includeInIndex = 0; path = tapme.app; sourceTree = BUILT_PRODUCTS_DIR; };
		21F7DF211D204C2100A82A6C /* main.m */ = {isa = PBXFileReference; lastKnownFileType = sourcecode.c.objc; path = main.m; sourceTree = "<group>"; };
		21F7DF231D204C2100A82A6C /* AppDelegate.h */ = {isa = PBXFileReference; lastKnownFileType = sourcecode.c.h; path = AppDelegate.h; sourceTree = "<group>"; };
		21F7DF241D204C2100A82A6C /* AppDelegate.m */ = {isa = PBXFileReference; lastKnownFileType = sourcecode.c.objc; path = AppDelegate.m; sourceTree = "<group>"; };
		21F7DF261D204C2100A82A6C /* ViewController.h */ = {isa = PBXFileReference; lastKnownFileType = sourcecode.c.h; path = ViewController.h; sourceTree = "<group>"; };
		21F7DF271D204C2100A82A6C /* ViewController.m */ = {isa = PBXFileReference; lastKnownFileType = sourcecode.c.objc; path = ViewController.m; sourceTree = "<group>"; };
		21F7DF2A1D204C2100A82A6C /* Base */ = {isa = PBXFileReference; lastKnownFileType = file.storyboard; name = Base; path = Base.lproj/Main.storyboard; sourceTree = "<group>"; };
		21F7DF2D1D204C2100A82A6C /* tapme.xcdatamodel */ = {isa = PBXFileReference; lastKnownFileType = wrapper.xcdatamodel; path = tapme.xcdatamodel; sourceTree = "<group>"; };
		21F7DF2F1D204C2100A82A6C /* Assets.xcassets */ = {isa = PBXFileReference; lastKnownFileType = folder.assetcatalog; path = Assets.xcassets; sourceTree = "<group>"; };
		21F7DF321D204C2100A82A6C /* Base */ = {isa = PBXFileReference; lastKnownFileType = file.storyboard; name = Base; path = Base.lproj/LaunchScreen.storyboard; sourceTree = "<group>"; };
		21F7DF341D204C2100A82A6C /* Info.plist */ = {isa = PBXFileReference; lastKnownFileType = text.plist.xml; path = Info.plist; sourceTree = "<group>"; };
/* End PBXFileReference section */

/* Begin PBXFrameworksBuildPhase section */
		21F7DF1A1D204C2100A82A6C /* Frameworks */ = {
			isa = PBXFrameworksBuildPhase;
			buildActionMask = 2147483647;
			files = (
				21C2EDCE1D216CA2002C4D11 /* AVFoundation.framework in Frameworks */,
				21C2EDCC1D216C7C002C4D11 /* UIKit.framework in Frameworks */,
				21C2EDCA1D216C71002C4D11 /* Foundation.framework in Frameworks */,
				21C2EDC81D216C6A002C4D11 /* CoreGraphics.framework in Frameworks */,
			);
			runOnlyForDeploymentPostprocessing = 0;
		};
/* End PBXFrameworksBuildPhase section */

/* Begin PBXGroup section */
		21F7DF141D204C2100A82A6C = {
			isa = PBXGroup;
			children = (
				21C2EDCD1D216CA2002C4D11 /* AVFoundation.framework */,
				21C2EDCB1D216C7C002C4D11 /* UIKit.framework */,
				21C2EDC91D216C71002C4D11 /* Foundation.framework */,
				21C2EDC71D216C6A002C4D11 /* CoreGraphics.framework */,
				21F7DF1F1D204C2100A82A6C /* tapme */,
				21F7DF1E1D204C2100A82A6C /* Products */,
			);
			sourceTree = "<group>";
		};
		21F7DF1E1D204C2100A82A6C /* Products */ = {
			isa = PBXGroup;
			children = (
				21F7DF1D1D204C2100A82A6C /* tapme.app */,
			);
			name = Products;
			sourceTree = "<group>";
		};
		21F7DF1F1D204C2100A82A6C /* tapme */ = {
			isa = PBXGroup;
			children = (
				21F7DF231D204C2100A82A6C /* AppDelegate.h */,
				21F7DF241D204C2100A82A6C /* AppDelegate.m */,
				21F7DF261D204C2100A82A6C /* ViewController.h */,
				21F7DF271D204C2100A82A6C /* ViewController.m */,
				21F7DF291D204C2100A82A6C /* Main.storyboard */,
				21F7DF2F1D204C2100A82A6C /* Assets.xcassets */,
				21F7DF311D204C2100A82A6C /* LaunchScreen.storyboard */,
				21F7DF341D204C2100A82A6C /* Info.plist */,
				21F7DF2C1D204C2100A82A6C /* tapme.xcdatamodeld */,
				21F7DF201D204C2100A82A6C /* Supporting Files */,
			);
			path = tapme;
			sourceTree = "<group>";
		};
		21F7DF201D204C2100A82A6C /* Supporting Files */ = {
			isa = PBXGroup;
			children = (
				21C2EDA51D21625F002C4D11 /* bg_tile.png */,
				21C2EDA61D21625F002C4D11 /* bg_tile@2x.png */,
				21C2EDA71D21625F002C4D11 /* button_tap_deselected.png */,
				21C2EDA81D21625F002C4D11 /* button_tap_deselected@2x.png */,
				21C2EDA91D21625F002C4D11 /* button_tap_selected.png */,
				21C2EDAA1D21625F002C4D11 /* button_tap_selected@2x.png */,
				21C2EDAB1D21625F002C4D11 /* ButtonTap.wav */,
				21C2EDAC1D21625F002C4D11 /* checker_bottom.png */,
				21C2EDAD1D21625F002C4D11 /* checker_bottom@2x.png */,
				21C2EDAE1D21625F002C4D11 /* checker_top.png */,
				21C2EDAF1D21625F002C4D11 /* checker_top@2x.png */,
				21C2EDB01D21625F002C4D11 /* field_score.png */,
				21C2EDB11D21625F002C4D11 /* field_score@2x.png */,
				21C2EDB21D21625F002C4D11 /* field_time.png */,
				21C2EDB31D21625F002C4D11 /* field_time@2x.png */,
				21C2EDB41D21625F002C4D11 /* HallOfTheMountainKing.mp3 */,
				21C2EDB51D21625F002C4D11 /* SecondBeep.wav */,
				21F7DF211D204C2100A82A6C /* main.m */,
			);
			name = "Supporting Files";
			sourceTree = "<group>";
		};
/* End PBXGroup section */

/* Begin PBXNativeTarget section */
		21F7DF1C1D204C2100A82A6C /* tapme */ = {
			isa = PBXNativeTarget;
			buildConfigurationList = 21F7DF371D204C2100A82A6C /* Build configuration list for PBXNativeTarget "tapme" */;
			buildPhases = (
				21F7DF191D204C2100A82A6C /* Sources */,
				21F7DF1A1D204C2100A82A6C /* Frameworks */,
				21F7DF1B1D204C2100A82A6C /* Resources */,
			);
			buildRules = (
			);
			dependencies = (
			);
			name = tapme;
			productName = tapme;
			productReference = 21F7DF1D1D204C2100A82A6C /* tapme.app */;
			productType = "com.apple.product-type.application";
		};
/* End PBXNativeTarget section */

/* Begin PBXProject section */
		21F7DF151D204C2100A82A6C /* Project object */ = {
			isa = PBXProject;
			attributes = {
				LastUpgradeCheck = 0730;
				ORGANIZATIONNAME = Nishanth;
				TargetAttributes = {
					21F7DF1C1D204C2100A82A6C = {
						CreatedOnToolsVersion = 7.3.1;
					};
				};
			};
			buildConfigurationList = 21F7DF181D204C2100A82A6C /* Build configuration list for PBXProject "tapme" */;
			compatibilityVersion = "Xcode 3.2";
			developmentRegion = English;
			hasScannedForEncodings = 0;
			knownRegions = (
				en,
				Base,
			);
			mainGroup = 21F7DF141D204C2100A82A6C;
			productRefGroup = 21F7DF1E1D204C2100A82A6C /* Products */;
			projectDirPath = "";
			projectRoot = "";
			targets = (
				21F7DF1C1D204C2100A82A6C /* tapme */,
			);
		};
/* End PBXProject section */

/* Begin PBXResourcesBuildPhase section */
		21F7DF1B1D204C2100A82A6C /* Resources */ = {
			isa = PBXResourcesBuildPhase;
			buildActionMask = 2147483647;
			files = (
				21C2EDB61D21625F002C4D11 /* bg_tile.png in Resources */,
				21F7DF331D204C2100A82A6C /* LaunchScreen.storyboard in Resources */,
				21C2EDC41D21625F002C4D11 /* field_time@2x.png in Resources */,
				21C2EDBA1D21625F002C4D11 /* button_tap_selected.png in Resources */,
				21F7DF301D204C2100A82A6C /* Assets.xcassets in Resources */,
				21C2EDBB1D21625F002C4D11 /* button_tap_selected@2x.png in Resources */,
				21C2EDC61D21625F002C4D11 /* SecondBeep.wav in Resources */,
				21C2EDB81D21625F002C4D11 /* button_tap_deselected.png in Resources */,
				21C2EDC01D21625F002C4D11 /* checker_top@2x.png in Resources */,
				21F7DF2B1D204C2100A82A6C /* Main.storyboard in Resources */,
				21C2EDBD1D21625F002C4D11 /* checker_bottom.png in Resources */,
				21C2EDBF1D21625F002C4D11 /* checker_top.png in Resources */,
				21C2EDB91D21625F002C4D11 /* button_tap_deselected@2x.png in Resources */,
				21C2EDC11D21625F002C4D11 /* field_score.png in Resources */,
				21C2EDC31D21625F002C4D11 /* field_time.png in Resources */,
				21C2EDBC1D21625F002C4D11 /* ButtonTap.wav in Resources */,
				21C2EDB71D21625F002C4D11 /* bg_tile@2x.png in Resources */,
				21C2EDC21D21625F002C4D11 /* field_score@2x.png in Resources */,
				21C2EDBE1D21625F002C4D11 /* checker_bottom@2x.png in Resources */,
				21C2EDC51D21625F002C4D11 /* HallOfTheMountainKing.mp3 in Resources */,
			);
			runOnlyForDeploymentPostprocessing = 0;
		};
/* End PBXResourcesBuildPhase section */

/* Begin PBXSourcesBuildPhase section */
		21F7DF191D204C2100A82A6C /* Sources */ = {
			isa = PBXSourcesBuildPhase;
			buildActionMask = 2147483647;
			files = (
				21F7DF281D204C2100A82A6C /* ViewController.m in Sources */,
				21F7DF2E1D204C2100A82A6C /* tapme.xcdatamodeld in Sources */,
				21F7DF251D204C2100A82A6C /* AppDelegate.m in Sources */,
				21F7DF221D204C2100A82A6C /* main.m in Sources */,
			);
			runOnlyForDeploymentPostprocessing = 0;
		};
/* End PBXSourcesBuildPhase section */

/* Begin PBXVariantGroup section */
		21F7DF291D204C2100A82A6C /* Main.storyboard */ = {
			isa = PBXVariantGroup;
			children = (
				21F7DF2A1D204C2100A82A6C /* Base */,
			);
			name = Main.storyboard;
			sourceTree = "<group>";
		};
		21F7DF311D204C2100A82A6C /* LaunchScreen.storyboard */ = {
			isa = PBXVariantGroup;
			children = (
				21F7DF321D204C2100A82A6C /* Base */,
			);
			name = LaunchScreen.storyboard;
			sourceTree = "<group>";
		};
/* End PBXVariantGroup section */

/* Begin XCBuildConfiguration section */
		21F7DF351D204C2100A82A6C /* Debug */ = {
			isa = XCBuildConfiguration;
			buildSettings = {
				ALWAYS_SEARCH_USER_PATHS = NO;
				CLANG_ANALYZER_NONNULL = YES;
				CLANG_CXX_LANGUAGE_STANDARD = "gnu++0x";
				CLANG_CXX_LIBRARY = "libc++";
				CLANG_ENABLE_MODULES = YES;
				CLANG_ENABLE_OBJC_ARC = YES;
				CLANG_WARN_BOOL_CONVERSION = YES;
				CLANG_WARN_CONSTANT_CONVERSION = YES;
				CLANG_WARN_DIRECT_OBJC_ISA_USAGE = YES_ERROR;
				CLANG_WARN_EMPTY_BODY = YES;
				CLANG_WARN_ENUM_CONVERSION = YES;
				CLANG_WARN_INT_CONVERSION = YES;
				CLANG_WARN_OBJC_ROOT_CLASS = YES_ERROR;
				CLANG_WARN_UNREACHABLE_CODE = YES;
				CLANG_WARN__DUPLICATE_METHOD_MATCH = YES;
				"CODE_SIGN_IDENTITY[sdk=iphoneos*]" = "iPhone Developer";
				COPY_PHASE_STRIP = NO;
				DEBUG_INFORMATION_FORMAT = dwarf;
				ENABLE_STRICT_OBJC_MSGSEND = YES;
				ENABLE_TESTABILITY = YES;
				GCC_C_LANGUAGE_STANDARD = gnu99;
				GCC_DYNAMIC_NO_PIC = NO;
				GCC_NO_COMMON_BLOCKS = YES;
				GCC_OPTIMIZATION_LEVEL = 0;
				GCC_PREPROCESSOR_DEFINITIONS = (
					"DEBUG=1",
					"$(inherited)",
				);
				GCC_WARN_64_TO_32_BIT_CONVERSION = YES;
				GCC_WARN_ABOUT_RETURN_TYPE = YES_ERROR;
				GCC_WARN_UNDECLARED_SELECTOR = YES;
				GCC_WARN_UNINITIALIZED_AUTOS = YES_AGGRESSIVE;
				GCC_WARN_UNUSED_FUNCTION = YES;
				GCC_WARN_UNUSED_VARIABLE = YES;
				IPHONEOS_DEPLOYMENT_TARGET = 9.3;
				MTL_ENABLE_DEBUG_INFO = YES;
				ONLY_ACTIVE_ARCH = YES;
				SDKROOT = iphoneos;
			};
			name = Debug;
		};
		21F7DF361D204C2100A82A6C /* Release */ = {
			isa = XCBuildConfiguration;
			buildSettings = {
				ALWAYS_SEARCH_USER_PATHS = NO;
				CLANG_ANALYZER_NONNULL = YES;
				CLANG_CXX_LANGUAGE_STANDARD = "gnu++0x";
				CLANG_CXX_LIBRARY = "libc++";
				CLANG_ENABLE_MODULES = YES;
				CLANG_ENABLE_OBJC_ARC = YES;
				CLANG_WARN_BOOL_CONVERSION = YES;
				CLANG_WARN_CONSTANT_CONVERSION = YES;
				CLANG_WARN_DIRECT_OBJC_ISA_USAGE = YES_ERROR;
				CLANG_WARN_EMPTY_BODY = YES;
				CLANG_WARN_ENUM_CONVERSION = YES;
				CLANG_WARN_INT_CONVERSION = YES;
				CLANG_WARN_OBJC_ROOT_CLASS = YES_ERROR;
				CLANG_WARN_UNREACHABLE_CODE = YES;
				CLANG_WARN__DUPLICATE_METHOD_MATCH = YES;
				"CODE_SIGN_IDENTITY[sdk=iphoneos*]" = "iPhone Developer";
				COPY_PHASE_STRIP = NO;
				DEBUG_INFORMATION_FORMAT = "dwarf-with-dsym";
				ENABLE_NS_ASSERTIONS = NO;
				ENABLE_STRICT_OBJC_MSGSEND = YES;
				GCC_C_LANGUAGE_STANDARD = gnu99;
				GCC_NO_COMMON_BLOCKS = YES;
				GCC_WARN_64_TO_32_BIT_CONVERSION = YES;
				GCC_WARN_ABOUT_RETURN_TYPE = YES_ERROR;
				GCC_WARN_UNDECLARED_SELECTOR = YES;
				GCC_WARN_UNINITIALIZED_AUTOS = YES_AGGRESSIVE;
				GCC_WARN_UNUSED_FUNCTION = YES;
				GCC_WARN_UNUSED_VARIABLE = YES;
				IPHONEOS_DEPLOYMENT_TARGET = 9.3;
				MTL_ENABLE_DEBUG_INFO = NO;
				SDKROOT = iphoneos;
				VALIDATE_PRODUCT = YES;
			};
			name = Release;
		};
		21F7DF381D204C2100A82A6C /* Debug */ = {
			isa = XCBuildConfiguration;
			buildSettings = {
				ASSETCATALOG_COMPILER_APPICON_NAME = AppIcon;
				INFOPLIST_FILE = tapme/Info.plist;
				LD_RUNPATH_SEARCH_PATHS = "$(inherited) @executable_path/Frameworks";
				PRODUCT_BUNDLE_IDENTIFIER = com.nishanth.tapme;
				PRODUCT_NAME = "$(TARGET_NAME)";
			};
			name = Debug;
		};
		21F7DF391D204C2100A82A6C /* Release */ = {
			isa = XCBuildConfiguration;
			buildSettings = {
				ASSETCATALOG_COMPILER_APPICON_NAME = AppIcon;
				INFOPLIST_FILE = tapme/Info.plist;
				LD_RUNPATH_SEARCH_PATHS = "$(inherited) @executable_path/Frameworks";
				PRODUCT_BUNDLE_IDENTIFIER = com.nishanth.tapme;
				PRODUCT_NAME = "$(TARGET_NAME)";
			};
			name = Release;
		};
/* End XCBuildConfiguration section */

/* Begin XCConfigurationList section */
		21F7DF181D204C2100A82A6C /* Build configuration list for PBXProject "tapme" */ = {
			isa = XCConfigurationList;
			buildConfigurations = (
				21F7DF351D204C2100A82A6C /* Debug */,
				21F7DF361D204C2100A82A6C /* Release */,
			);
			defaultConfigurationIsVisible = 0;
			defaultConfigurationName = Release;
		};
		21F7DF371D204C2100A82A6C /* Build configuration list for PBXNativeTarget "tapme" */ = {
			isa = XCConfigurationList;
			buildConfigurations = (
				21F7DF381D204C2100A82A6C /* Debug */,
				21F7DF391D204C2100A82A6C /* Release */,
			);
			defaultConfigurationIsVisible = 0;
			defaultConfigurationName = Release;
		};
/* End XCConfigurationList section */

/* Begin XCVersionGroup section */
		21F7DF2C1D204C2100A82A6C /* tapme.xcdatamodeld */ = {
			isa = XCVersionGroup;
			children = (
				21F7DF2D1D204C2100A82A6C /* tapme.xcdatamodel */,
			);
			currentVersion = 21F7DF2D1D204C2100A82A6C /* tapme.xcdatamodel */;
			path = tapme.xcdatamodeld;
			sourceTree = "<group>";
			versionGroupType = wrapper.xcdatamodel;
		};
/* End XCVersionGroup section */
	};
	rootObject = 21F7DF151D204C2100A82A6C /* Project object */;
}
